
Microsoft Visual Studio Solution File, Format Version 12.00
# Visual Studio Version 17
VisualStudioVersion = 17.9.34728.123
MinimumVisualStudioVersion = 10.0.40219.1
Project("{FAE04EC0-301F-11D3-BF4B-00C04F79EFBC}") = "NetDelegateProject", "NetDelegateProject\NetDelegateProject.csproj", "{0DE8674C-05E3-4905-8EE6-7E0FE5C177C9}"
EndProject
Global
	GlobalSection(SolutionConfigurationPlatforms) = preSolution
		Debug|Any CPU = Debug|Any CPU
		Release|Any CPU = Release|Any CPU
	EndGlobalSection
	GlobalSection(ProjectConfigurationPlatforms) = postSolution
		{0DE8674C-05E3-4905-8EE6-7E0FE5C177C9}.Debug|Any CPU.ActiveCfg = Debug|Any CPU
		{0DE8674C-05E3-4905-8EE6-7E0FE5C177C9}.Debug|Any CPU.Build.0 = Debug|Any CPU
		{0DE8674C-05E3-4905-8EE6-7E0FE5C177C9}.Release|Any CPU.ActiveCfg = Release|Any CPU
		{0DE8674C-05E3-4905-8EE6-7E0FE5C177C9}.Release|Any CPU.Build.0 = Release|Any CPU
	EndGlobalSection
	GlobalSection(SolutionProperties) = preSolution
		HideSolutionNode = FALSE
	EndGlobalSection
	GlobalSection(ExtensibilityGlobals) = postSolution
		SolutionGuid = {42D6F10C-9653-43F9-A7EA-7A5B002FC56B}
	EndGlobalSection
EndGlobal
